
Microsoft Visual Studio Solution File, Format Version 12.00
# Visual Studio Version 16
VisualStudioVersion = 16.0.34114.132
MinimumVisualStudioVersion = 10.0.40219.1
Project("{9A19103F-16F7-4668-BE54-9A1E7A4F7556}") = "Tasks", "ConsoleAppSMTP\Tasks.csproj", "{E9E6B3B2-5C4F-4B08-8187-822255D18D1B}"
EndProject
Project("{9A19103F-16F7-4668-BE54-9A1E7A4F7556}") = "TaskSMTP", "SMTPProgram\TaskSMTP.csproj", "{FCE430CA-2784-4A62-BF7E-FD752685C9B9}"
EndProject
Project("{FAE04EC0-301F-11D3-BF4B-00C04F79EFBC}") = "TaskReadAndWrite", "TaskReadAndWrite\TaskReadAndWrite.csproj", "{B38E695E-0A4E-41CF-9B01-FF8793960339}"
EndProject
Global
	GlobalSection(SolutionConfigurationPlatforms) = preSolution
		Debug|Any CPU = Debug|Any CPU
		Release|Any CPU = Release|Any CPU
	EndGlobalSection
	GlobalSection(ProjectConfigurationPlatforms) = postSolution
		{E9E6B3B2-5C4F-4B08-8187-822255D18D1B}.Debug|Any CPU.ActiveCfg = Debug|Any CPU
		{E9E6B3B2-5C4F-4B08-8187-822255D18D1B}.Debug|Any CPU.Build.0 = Debug|Any CPU
		{E9E6B3B2-5C4F-4B08-8187-822255D18D1B}.Release|Any CPU.ActiveCfg = Release|Any CPU
		{E9E6B3B2-5C4F-4B08-8187-822255D18D1B}.Release|Any CPU.Build.0 = Release|Any CPU
		{FCE430CA-2784-4A62-BF7E-FD752685C9B9}.Debug|Any CPU.ActiveCfg = Debug|Any CPU
		{FCE430CA-2784-4A62-BF7E-FD752685C9B9}.Debug|Any CPU.Build.0 = Debug|Any CPU
		{FCE430CA-2784-4A62-BF7E-FD752685C9B9}.Release|Any CPU.ActiveCfg = Release|Any CPU
		{FCE430CA-2784-4A62-BF7E-FD752685C9B9}.Release|Any CPU.Build.0 = Release|Any CPU
		{B38E695E-0A4E-41CF-9B01-FF8793960339}.Debug|Any CPU.ActiveCfg = Debug|Any CPU
		{B38E695E-0A4E-41CF-9B01-FF8793960339}.Debug|Any CPU.Build.0 = Debug|Any CPU
		{B38E695E-0A4E-41CF-9B01-FF8793960339}.Release|Any CPU.ActiveCfg = Release|Any CPU
		{B38E695E-0A4E-41CF-9B01-FF8793960339}.Release|Any CPU.Build.0 = Release|Any CPU
	EndGlobalSection
	GlobalSection(SolutionProperties) = preSolution
		HideSolutionNode = FALSE
	EndGlobalSection
	GlobalSection(ExtensibilityGlobals) = postSolution
		SolutionGuid = {3323F869-7C1E-4709-8CF3-CAAE29D54F2C}
	EndGlobalSection
EndGlobal
